
Microsoft Visual Studio Solution File, Format Version 12.00
# Visual Studio Version 17
VisualStudioVersion = 17.13.35931.197 d17.13
MinimumVisualStudioVersion = 10.0.40219.1
Project("{FAE04EC0-301F-11D3-BF4B-00C04F79EFBC}") = "Common.Messaging", "Common.Messaging.csproj", "{0036326D-CB55-4B00-9451-114503344A7A}"
EndProject
Global
	GlobalSection(SolutionConfigurationPlatforms) = preSolution
		Debug|Any CPU = Debug|Any CPU
		Release|Any CPU = Release|Any CPU
	EndGlobalSection
	GlobalSection(ProjectConfigurationPlatforms) = postSolution
		{0036326D-CB55-4B00-9451-114503344A7A}.Debug|Any CPU.ActiveCfg = Debug|Any CPU
		{0036326D-CB55-4B00-9451-114503344A7A}.Debug|Any CPU.Build.0 = Debug|Any CPU
		{0036326D-CB55-4B00-9451-114503344A7A}.Release|Any CPU.ActiveCfg = Release|Any CPU
		{0036326D-CB55-4B00-9451-114503344A7A}.Release|Any CPU.Build.0 = Release|Any CPU
	EndGlobalSection
	GlobalSection(SolutionProperties) = preSolution
		HideSolutionNode = FALSE
	EndGlobalSection
	GlobalSection(ExtensibilityGlobals) = postSolution
		SolutionGuid = {593122C4-5EEB-4CEA-9CAD-C45D29E4396B}
	EndGlobalSection
EndGlobal
